# This file is automatically @generated by Poetry 1.4.2 and should not be changed by hand.

[[package]]
name = "fonttools"
version = "4.39.4"
description = "Tools to manipulate font files"
category = "main"
optional = false
python-versions = ">=3.8"
files = [
    {file = "fonttools-4.39.4-py3-none-any.whl", hash = "sha256:106caf6167c4597556b31a8d9175a3fdc0356fdcd70ab19973c3b0d4c893c461"},
    {file = "fonttools-4.39.4.zip", hash = "sha256:dba8d7cdb8e2bac1b3da28c5ed5960de09e59a2fe7e63bb73f5a59e57b0430d2"},
]

[package.extras]
all = ["brotli (>=1.0.1)", "brotlicffi (>=0.8.0)", "fs (>=2.2.0,<3)", "lxml (>=4.0,<5)", "lz4 (>=1.7.4.2)", "matplotlib", "munkres", "scipy", "skia-pathops (>=0.5.0)", "sympy", "uharfbuzz (>=0.23.0)", "unicodedata2 (>=15.0.0)", "xattr", "zopfli (>=0.1.4)"]
graphite = ["lz4 (>=1.7.4.2)"]
interpolatable = ["munkres", "scipy"]
lxml = ["lxml (>=4.0,<5)"]
pathops = ["skia-pathops (>=0.5.0)"]
plot = ["matplotlib"]
repacker = ["uharfbuzz (>=0.23.0)"]
symfont = ["sympy"]
type1 = ["xattr"]
ufo = ["fs (>=2.2.0,<3)"]
unicode = ["unicodedata2 (>=15.0.0)"]
woff = ["brotli (>=1.0.1)", "brotlicffi (>=0.8.0)", "zopfli (>=0.1.4)"]

[metadata]
lock-version = "2.0"
python-versions = "^3.10"
content-hash = "07c5b1f0f7e4b916f5f1862a513eae7adce81bfdcaf862fadf4b92df1fbde820"
