# This file is automatically @generated by Poetry 1.8.3 and should not be changed by hand.

[[package]]
name = "colorama"
version = "0.4.6"
description = "Cross-platform colored terminal text."
optional = false
python-versions = "!=3.0.*,!=3.1.*,!=3.2.*,!=3.3.*,!=3.4.*,!=3.5.*,!=3.6.*,>=2.7"
files = [
    {file = "colorama-0.4.6-py2.py3-none-any.whl", hash = "sha256:4f1d9991f5acc0ca119f9d443620b77f9d6b33703e51011c16baf57afb285fc6"},
    {file = "colorama-0.4.6.tar.gz", hash = "sha256:08695f5cb7ed6e0531a20572697297273c47b8cae5a63ffc6d6ed5c201be6e44"},
]

[[package]]
name = "exceptiongroup"
version = "1.2.2"
description = "Backport of PEP 654 (exception groups)"
optional = false
python-versions = ">=3.7"
files = [
    {file = "exceptiongroup-1.2.2-py3-none-any.whl", hash = "sha256:3111b9d131c238bec2f8f516e123e14ba243563fb135d3fe885990585aa7795b"},
    {file = "exceptiongroup-1.2.2.tar.gz", hash = "sha256:47c2edf7c6738fafb49fd34290706d1a1a2f4d1c6df275526b62cbb4aa5393cc"},
]

[package.extras]
test = ["pytest (>=6)"]

[[package]]
name = "fonttools"
version = "4.43.0"
description = "Tools to manipulate font files"
optional = false
python-versions = ">=3.8"
files = [
    {file = "fonttools-4.43.0-cp310-cp310-macosx_10_9_universal2.whl", hash = "sha256:ab80e7d6bb01316d5fc8161a2660ca2e9e597d0880db4927bc866c76474472ef"},
    {file = "fonttools-4.43.0-cp310-cp310-macosx_10_9_x86_64.whl", hash = "sha256:82d8e687a42799df5325e7ee12977b74738f34bf7fde1c296f8140efd699a213"},
    {file = "fonttools-4.43.0-cp310-cp310-manylinux_2_17_aarch64.manylinux2014_aarch64.whl", hash = "sha256:d08a694b280d615460563a6b4e2afb0b1b9df708c799ec212bf966652b94fc84"},
    {file = "fonttools-4.43.0-cp310-cp310-manylinux_2_17_x86_64.manylinux2014_x86_64.whl", hash = "sha256:9d654d3e780e0ceabb1f4eff5a3c042c67d4428d0fe1ea3afd238a721cf171b3"},
    {file = "fonttools-4.43.0-cp310-cp310-musllinux_1_1_aarch64.whl", hash = "sha256:20fc43783c432862071fa76da6fa714902ae587bc68441e12ff4099b94b1fcef"},
    {file = "fonttools-4.43.0-cp310-cp310-musllinux_1_1_x86_64.whl", hash = "sha256:33c40a657fb87ff83185828c0323032d63a4df1279d5c1c38e21f3ec56327803"},
    {file = "fonttools-4.43.0-cp310-cp310-win32.whl", hash = "sha256:b3813f57f85bbc0e4011a0e1e9211f9ee52f87f402e41dc05bc5135f03fa51c1"},
    {file = "fonttools-4.43.0-cp310-cp310-win_amd64.whl", hash = "sha256:05056a8c9af048381fdb17e89b17d45f6c8394176d01e8c6fef5ac96ea950d38"},
    {file = "fonttools-4.43.0-cp311-cp311-macosx_10_9_universal2.whl", hash = "sha256:da78f39b601ed0b4262929403186d65cf7a016f91ff349ab18fdc5a7080af465"},
    {file = "fonttools-4.43.0-cp311-cp311-macosx_10_9_x86_64.whl", hash = "sha256:5056f69a18f3f28ab5283202d1efcfe011585d31de09d8560f91c6c88f041e92"},
    {file = "fonttools-4.43.0-cp311-cp311-manylinux_2_17_aarch64.manylinux2014_aarch64.whl", hash = "sha256:dcc01cea0a121fb0c009993497bad93cae25e77db7dee5345fec9cce1aaa09cd"},
    {file = "fonttools-4.43.0-cp311-cp311-manylinux_2_17_x86_64.manylinux2014_x86_64.whl", hash = "sha256:ee728d5af70f117581712966a21e2e07031e92c687ef1fdc457ac8d281016f64"},
    {file = "fonttools-4.43.0-cp311-cp311-musllinux_1_1_aarch64.whl", hash = "sha256:b5e760198f0b87e42478bb35a6eae385c636208f6f0d413e100b9c9c5efafb6a"},
    {file = "fonttools-4.43.0-cp311-cp311-musllinux_1_1_x86_64.whl", hash = "sha256:af38f5145258e9866da5881580507e6d17ff7756beef175d13213a43a84244e9"},
    {file = "fonttools-4.43.0-cp311-cp311-win32.whl", hash = "sha256:25620b738d4533cfc21fd2a4f4b667e481f7cb60e86b609799f7d98af657854e"},
    {file = "fonttools-4.43.0-cp311-cp311-win_amd64.whl", hash = "sha256:635658464dccff6fa5c3b43fe8f818ae2c386ee6a9e1abc27359d1e255528186"},
    {file = "fonttools-4.43.0-cp312-cp312-macosx_10_9_universal2.whl", hash = "sha256:a682fb5cbf8837d1822b80acc0be5ff2ea0c49ca836e468a21ffd388ef280fd3"},
    {file = "fonttools-4.43.0-cp312-cp312-macosx_10_9_x86_64.whl", hash = "sha256:3d7adfa342e6b3a2b36960981f23f480969f833d565a4eba259c2e6f59d2674f"},
    {file = "fonttools-4.43.0-cp312-cp312-manylinux_2_17_aarch64.manylinux2014_aarch64.whl", hash = "sha256:5aa67d1e720fdd902fde4a59d0880854ae9f19fc958f3e1538bceb36f7f4dc92"},
    {file = "fonttools-4.43.0-cp312-cp312-manylinux_2_5_x86_64.manylinux1_x86_64.manylinux_2_17_x86_64.manylinux2014_x86_64.whl", hash = "sha256:77e5113233a2df07af9dbf493468ce526784c3b179c0e8b9c7838ced37c98b69"},
    {file = "fonttools-4.43.0-cp312-cp312-musllinux_1_1_aarch64.whl", hash = "sha256:57c22e5f9f53630d458830f710424dce4f43c5f0d95cb3368c0f5178541e4db7"},
    {file = "fonttools-4.43.0-cp312-cp312-musllinux_1_1_x86_64.whl", hash = "sha256:206808f9717c9b19117f461246372a2c160fa12b9b8dbdfb904ab50ca235ba0a"},
    {file = "fonttools-4.43.0-cp312-cp312-win32.whl", hash = "sha256:f19c2b1c65d57cbea25cabb80941fea3fbf2625ff0cdcae8900b5fb1c145704f"},
    {file = "fonttools-4.43.0-cp312-cp312-win_amd64.whl", hash = "sha256:7c76f32051159f8284f1a5f5b605152b5a530736fb8b55b09957db38dcae5348"},
    {file = "fonttools-4.43.0-cp38-cp38-macosx_10_9_universal2.whl", hash = "sha256:e3f8acc6ef4a627394021246e099faee4b343afd3ffe2e517d8195b4ebf20289"},
    {file = "fonttools-4.43.0-cp38-cp38-macosx_10_9_x86_64.whl", hash = "sha256:a68b71adc3b3a90346e4ac92f0a69ab9caeba391f3b04ab6f1e98f2c8ebe88e3"},
    {file = "fonttools-4.43.0-cp38-cp38-manylinux_2_17_aarch64.manylinux2014_aarch64.whl", hash = "sha256:ace0fd5afb79849f599f76af5c6aa5e865bd042c811e4e047bbaa7752cc26126"},
    {file = "fonttools-4.43.0-cp38-cp38-manylinux_2_17_x86_64.manylinux2014_x86_64.whl", hash = "sha256:5f9660e70a2430780e23830476332bc3391c3c8694769e2c0032a5038702a662"},
    {file = "fonttools-4.43.0-cp38-cp38-musllinux_1_1_aarch64.whl", hash = "sha256:48078357984214ccd22d7fe0340cd6ff7286b2f74f173603a1a9a40b5dc25afe"},
    {file = "fonttools-4.43.0-cp38-cp38-musllinux_1_1_x86_64.whl", hash = "sha256:d27d960e10cf7617d70cf3104c32a69b008dde56f2d55a9bed4ba6e3df611544"},
    {file = "fonttools-4.43.0-cp38-cp38-win32.whl", hash = "sha256:a6a2e99bb9ea51e0974bbe71768df42c6dd189308c22f3f00560c3341b345646"},
    {file = "fonttools-4.43.0-cp38-cp38-win_amd64.whl", hash = "sha256:030355fbb0cea59cf75d076d04d3852900583d1258574ff2d7d719abf4513836"},
    {file = "fonttools-4.43.0-cp39-cp39-macosx_10_9_universal2.whl", hash = "sha256:52e77f23a9c059f8be01a07300ba4c4d23dc271d33eed502aea5a01ab5d2f4c1"},
    {file = "fonttools-4.43.0-cp39-cp39-macosx_10_9_x86_64.whl", hash = "sha256:6a530fa28c155538d32214eafa0964989098a662bd63e91e790e6a7a4e9c02da"},
    {file = "fonttools-4.43.0-cp39-cp39-manylinux_2_17_aarch64.manylinux2014_aarch64.whl", hash = "sha256:70f021a6b9eb10dfe7a411b78e63a503a06955dd6d2a4e130906d8760474f77c"},
    {file = "fonttools-4.43.0-cp39-cp39-manylinux_2_17_x86_64.manylinux2014_x86_64.whl", hash = "sha256:812142a0e53cc853964d487e6b40963df62f522b1b571e19d1ff8467d7880ceb"},
    {file = "fonttools-4.43.0-cp39-cp39-musllinux_1_1_aarch64.whl", hash = "sha256:ace51902ab67ef5fe225e8b361039e996db153e467e24a28d35f74849b37b7ce"},
    {file = "fonttools-4.43.0-cp39-cp39-musllinux_1_1_x86_64.whl", hash = "sha256:8dfd8edfce34ad135bd69de20c77449c06e2c92b38f2a8358d0987737f82b49e"},
    {file = "fonttools-4.43.0-cp39-cp39-win32.whl", hash = "sha256:e5d53eddaf436fa131042f44a76ea1ead0a17c354ab9de0d80e818f0cb1629f1"},
    {file = "fonttools-4.43.0-cp39-cp39-win_amd64.whl", hash = "sha256:93c5b6d77baf28f306bc13fa987b0b13edca6a39dc2324eaca299a74ccc6316f"},
    {file = "fonttools-4.43.0-py3-none-any.whl", hash = "sha256:e4bc589d8da09267c7c4ceaaaa4fc01a7908ac5b43b286ac9279afe76407c384"},
    {file = "fonttools-4.43.0.tar.gz", hash = "sha256:b62a53a4ca83c32c6b78cac64464f88d02929779373c716f738af6968c8c821e"},
]

[package.extras]
all = ["brotli (>=1.0.1)", "brotlicffi (>=0.8.0)", "fs (>=2.2.0,<3)", "lxml (>=4.0,<5)", "lz4 (>=1.7.4.2)", "matplotlib", "munkres", "scipy", "skia-pathops (>=0.5.0)", "sympy", "uharfbuzz (>=0.23.0)", "unicodedata2 (>=15.0.0)", "xattr", "zopfli (>=0.1.4)"]
graphite = ["lz4 (>=1.7.4.2)"]
interpolatable = ["munkres", "scipy"]
lxml = ["lxml (>=4.0,<5)"]
pathops = ["skia-pathops (>=0.5.0)"]
plot = ["matplotlib"]
repacker = ["uharfbuzz (>=0.23.0)"]
symfont = ["sympy"]
type1 = ["xattr"]
ufo = ["fs (>=2.2.0,<3)"]
unicode = ["unicodedata2 (>=15.0.0)"]
woff = ["brotli (>=1.0.1)", "brotlicffi (>=0.8.0)", "zopfli (>=0.1.4)"]

[[package]]
name = "iniconfig"
version = "2.0.0"
description = "brain-dead simple config-ini parsing"
optional = false
python-versions = ">=3.7"
files = [
    {file = "iniconfig-2.0.0-py3-none-any.whl", hash = "sha256:b6a85871a79d2e3b22d2d1b94ac2824226a63c6b741c88f7ae975f18b6778374"},
    {file = "iniconfig-2.0.0.tar.gz", hash = "sha256:2d91e135bf72d31a410b17c16da610a82cb55f6b0477d1a902134b24a455b8b3"},
]

[[package]]
name = "packaging"
version = "24.2"
description = "Core utilities for Python packages"
optional = false
python-versions = ">=3.8"
files = [
    {file = "packaging-24.2-py3-none-any.whl", hash = "sha256:09abb1bccd265c01f4a3aa3f7a7db064b36514d2cba19a2f694fe6150451a759"},
    {file = "packaging-24.2.tar.gz", hash = "sha256:c228a6dc5e932d346bc5739379109d49e8853dd8223571c7c5b55260edc0b97f"},
]

[[package]]
name = "pluggy"
version = "1.5.0"
description = "plugin and hook calling mechanisms for python"
optional = false
python-versions = ">=3.8"
files = [
    {file = "pluggy-1.5.0-py3-none-any.whl", hash = "sha256:44e1ad92c8ca002de6377e165f3e0f1be63266ab4d554740532335b9d75ea669"},
    {file = "pluggy-1.5.0.tar.gz", hash = "sha256:2cffa88e94fdc978c4c574f15f9e59b7f4201d439195c3715ca9e2486f1d0cf1"},
]

[package.extras]
dev = ["pre-commit", "tox"]
testing = ["pytest", "pytest-benchmark"]

[[package]]
name = "pytest"
version = "8.3.3"
description = "pytest: simple powerful testing with Python"
optional = false
python-versions = ">=3.8"
files = [
    {file = "pytest-8.3.3-py3-none-any.whl", hash = "sha256:a6853c7375b2663155079443d2e45de913a911a11d669df02a50814944db57b2"},
    {file = "pytest-8.3.3.tar.gz", hash = "sha256:70b98107bd648308a7952b06e6ca9a50bc660be218d53c257cc1fc94fda10181"},
]

[package.dependencies]
colorama = {version = "*", markers = "sys_platform == \"win32\""}
exceptiongroup = {version = ">=1.0.0rc8", markers = "python_version < \"3.11\""}
iniconfig = "*"
packaging = "*"
pluggy = ">=1.5,<2"
tomli = {version = ">=1", markers = "python_version < \"3.11\""}

[package.extras]
dev = ["argcomplete", "attrs (>=19.2)", "hypothesis (>=3.56)", "mock", "pygments (>=2.7.2)", "requests", "setuptools", "xmlschema"]

[[package]]
name = "tomli"
version = "2.1.0"
description = "A lil' TOML parser"
optional = false
python-versions = ">=3.8"
files = [
    {file = "tomli-2.1.0-py3-none-any.whl", hash = "sha256:a5c57c3d1c56f5ccdf89f6523458f60ef716e210fc47c4cfb188c5ba473e0391"},
    {file = "tomli-2.1.0.tar.gz", hash = "sha256:3f646cae2aec94e17d04973e4249548320197cfabdf130015d023de4b74d8ab8"},
]

[metadata]
lock-version = "2.0"
python-versions = "^3.10"
content-hash = "efcf1a61af7f937bf7a4dd48a7044ef88cdbc1d4055c0af238565e3df1f52ea6"
