version = 1
revision = 3
requires-python = ">=3.10"

[[package]]
name = "colorama"
version = "0.4.6"
source = { registry = "https://pypi.org/simple" }
sdist = { url = "https://files.pythonhosted.org/packages/d8/53/6f443c9a4a8358a93a6792e2acffb9d9d5cb0a5cfd8802644b7b1c9a02e4/colorama-0.4.6.tar.gz", hash = "sha256:08695f5cb7ed6e0531a20572697297273c47b8cae5a63ffc6d6ed5c201be6e44", size = 27697, upload-time = "2022-10-25T02:36:22.414Z" }
wheels = [
    { url = "https://files.pythonhosted.org/packages/d1/d6/3965ed04c63042e047cb6a3e6ed1a63a35087b6a609aa3a15ed8ac56c221/colorama-0.4.6-py2.py3-none-any.whl", hash = "sha256:4f1d9991f5acc0ca119f9d443620b77f9d6b33703e51011c16baf57afb285fc6", size = 25335, upload-time = "2022-10-25T02:36:20.889Z" },
]

[[package]]
name = "exceptiongroup"
version = "1.3.0"
source = { registry = "https://pypi.org/simple" }
dependencies = [
    { name = "typing-extensions", marker = "python_full_version < '3.13'" },
]
sdist = { url = "https://files.pythonhosted.org/packages/0b/9f/a65090624ecf468cdca03533906e7c69ed7588582240cfe7cc9e770b50eb/exceptiongroup-1.3.0.tar.gz", hash = "sha256:b241f5885f560bc56a59ee63ca4c6a8bfa46ae4ad651af316d4e81817bb9fd88", size = 29749, upload-time = "2025-05-10T17:42:51.123Z" }
wheels = [
    { url = "https://files.pythonhosted.org/packages/36/f4/c6e662dade71f56cd2f3735141b265c3c79293c109549c1e6933b0651ffc/exceptiongroup-1.3.0-py3-none-any.whl", hash = "sha256:4d111e6e0c13d0644cad6ddaa7ed0261a0b36971f6d23e7ec9b4b9097da78a10", size = 16674, upload-time = "2025-05-10T17:42:49.33Z" },
]

[[package]]
name = "fonttools"
version = "4.59.1"
source = { registry = "https://pypi.org/simple" }
sdist = { url = "https://files.pythonhosted.org/packages/11/7f/29c9c3fe4246f6ad96fee52b88d0dc3a863c7563b0afc959e36d78b965dc/fonttools-4.59.1.tar.gz", hash = "sha256:74995b402ad09822a4c8002438e54940d9f1ecda898d2bb057729d7da983e4cb", size = 3534394, upload-time = "2025-08-14T16:28:14.266Z" }
wheels = [
    { url = "https://files.pythonhosted.org/packages/f6/da/d66e5678802b2b662fd62908bf88b78d00bfb62de51660f270cf0dfce333/fonttools-4.59.1-cp310-cp310-macosx_10_9_universal2.whl", hash = "sha256:e90a89e52deb56b928e761bb5b5f65f13f669bfd96ed5962975debea09776a23", size = 2758395, upload-time = "2025-08-14T16:26:10.239Z" },
    { url = "https://files.pythonhosted.org/packages/96/74/d70a42bcc9ffa40a63e81417535b2849a702bd88f38bc2ed994ae86a2e74/fonttools-4.59.1-cp310-cp310-macosx_10_9_x86_64.whl", hash = "sha256:5d29ab70658d2ec19422b25e6ace00a0b0ae4181ee31e03335eaef53907d2d83", size = 2331647, upload-time = "2025-08-14T16:26:13.399Z" },
    { url = "https://files.pythonhosted.org/packages/ea/f6/4a13657c9ca134ac62d9a68e4b3412b95b059537eab459cc1df653f45862/fonttools-4.59.1-cp310-cp310-manylinux2014_aarch64.manylinux_2_17_aarch64.manylinux_2_28_aarch64.whl", hash = "sha256:94f9721a564978a10d5c12927f99170d18e9a32e5a727c61eae56f956a4d118b", size = 4846293, upload-time = "2025-08-14T16:26:15.586Z" },
    { url = "https://files.pythonhosted.org/packages/69/e3/9f0c8c30eaea5b2d891bd95b000381b3b2dcaa89b5a064cce25157aba973/fonttools-4.59.1-cp310-cp310-manylinux2014_x86_64.manylinux_2_17_x86_64.whl", hash = "sha256:8c8758a7d97848fc8b514b3d9b4cb95243714b2f838dde5e1e3c007375de6214", size = 4776105, upload-time = "2025-08-14T16:26:17.624Z" },
    { url = "https://files.pythonhosted.org/packages/e2/73/1e6a06e2eecdc7b054b035507694b4f480e83b94dcb0d19f8a010d95350a/fonttools-4.59.1-cp310-cp310-musllinux_1_2_aarch64.whl", hash = "sha256:2aeb829ad9d41a2ef17cab8bb5d186049ba38a840f10352e654aa9062ec32dc1", size = 4825142, upload-time = "2025-08-14T16:26:19.936Z" },
    { url = "https://files.pythonhosted.org/packages/72/7d/a512521ec44c37bda27d08193e79e48a510a073554c30400ccc600494830/fonttools-4.59.1-cp310-cp310-musllinux_1_2_x86_64.whl", hash = "sha256:ac216a2980a2d2b3b88c68a24f8a9bfb203e2490e991b3238502ad8f1e7bfed0", size = 4935220, upload-time = "2025-08-14T16:26:22.22Z" },
    { url = "https://files.pythonhosted.org/packages/62/f1/71f9a9c4e5df44d861975538a5c56b58f1662cd32ebbea5a02eb86028fc1/fonttools-4.59.1-cp310-cp310-win32.whl", hash = "sha256:d31dc137ed8ec71dbc446949eba9035926e6e967b90378805dcf667ff57cabb1", size = 2216883, upload-time = "2025-08-14T16:26:24.037Z" },
    { url = "https://files.pythonhosted.org/packages/f9/6d/92b2e3e0350bb3ef88024ae19513c12cee61896220e3df421c47a439af28/fonttools-4.59.1-cp310-cp310-win_amd64.whl", hash = "sha256:5265bc52ed447187d39891b5f21d7217722735d0de9fe81326566570d12851a9", size = 2261310, upload-time = "2025-08-14T16:26:26.184Z" },
    { url = "https://files.pythonhosted.org/packages/34/62/9667599561f623d4a523cc9eb4f66f3b94b6155464110fa9aebbf90bbec7/fonttools-4.59.1-cp311-cp311-macosx_10_9_universal2.whl", hash = "sha256:4909cce2e35706f3d18c54d3dcce0414ba5e0fb436a454dffec459c61653b513", size = 2778815, upload-time = "2025-08-14T16:26:28.484Z" },
    { url = "https://files.pythonhosted.org/packages/8f/78/cc25bcb2ce86033a9df243418d175e58f1956a35047c685ef553acae67d6/fonttools-4.59.1-cp311-cp311-macosx_10_9_x86_64.whl", hash = "sha256:efbec204fa9f877641747f2d9612b2b656071390d7a7ef07a9dbf0ecf9c7195c", size = 2341631, upload-time = "2025-08-14T16:26:30.396Z" },
    { url = "https://files.pythonhosted.org/packages/a4/cc/fcbb606dd6871f457ac32f281c20bcd6cc77d9fce77b5a4e2b2afab1f500/fonttools-4.59.1-cp311-cp311-manylinux2014_aarch64.manylinux_2_17_aarch64.manylinux_2_28_aarch64.whl", hash = "sha256:39dfd42cc2dc647b2c5469bc7a5b234d9a49e72565b96dd14ae6f11c2c59ef15", size = 5022222, upload-time = "2025-08-14T16:26:32.447Z" },
    { url = "https://files.pythonhosted.org/packages/61/96/c0b1cf2b74d08eb616a80dbf5564351fe4686147291a25f7dce8ace51eb3/fonttools-4.59.1-cp311-cp311-manylinux2014_x86_64.manylinux_2_17_x86_64.whl", hash = "sha256:b11bc177a0d428b37890825d7d025040d591aa833f85f8d8878ed183354f47df", size = 4966512, upload-time = "2025-08-14T16:26:34.621Z" },
    { url = "https://files.pythonhosted.org/packages/a4/26/51ce2e3e0835ffc2562b1b11d1fb9dafd0aca89c9041b64a9e903790a761/fonttools-4.59.1-cp311-cp311-musllinux_1_2_aarch64.whl", hash = "sha256:5b9b4c35b3be45e5bc774d3fc9608bbf4f9a8d371103b858c80edbeed31dd5aa", size = 5001645, upload-time = "2025-08-14T16:26:36.876Z" },
    { url = "https://files.pythonhosted.org/packages/36/11/ef0b23f4266349b6d5ccbd1a07b7adc998d5bce925792aa5d1ec33f593e3/fonttools-4.59.1-cp311-cp311-musllinux_1_2_x86_64.whl", hash = "sha256:01158376b8a418a0bae9625c476cebfcfcb5e6761e9d243b219cd58341e7afbb", size = 5113777, upload-time = "2025-08-14T16:26:39.002Z" },
    { url = "https://files.pythonhosted.org/packages/d0/da/b398fe61ef433da0a0472cdb5d4399124f7581ffe1a31b6242c91477d802/fonttools-4.59.1-cp311-cp311-win32.whl", hash = "sha256:cf7c5089d37787387123f1cb8f1793a47c5e1e3d1e4e7bfbc1cc96e0f925eabe", size = 2215076, upload-time = "2025-08-14T16:26:41.196Z" },
    { url = "https://files.pythonhosted.org/packages/94/bd/e2624d06ab94e41c7c77727b2941f1baed7edb647e63503953e6888020c9/fonttools-4.59.1-cp311-cp311-win_amd64.whl", hash = "sha256:c866eef7a0ba320486ade6c32bfc12813d1a5db8567e6904fb56d3d40acc5116", size = 2262779, upload-time = "2025-08-14T16:26:43.483Z" },
    { url = "https://files.pythonhosted.org/packages/ac/fe/6e069cc4cb8881d164a9bd956e9df555bc62d3eb36f6282e43440200009c/fonttools-4.59.1-cp312-cp312-macosx_10_13_universal2.whl", hash = "sha256:43ab814bbba5f02a93a152ee61a04182bb5809bd2bc3609f7822e12c53ae2c91", size = 2769172, upload-time = "2025-08-14T16:26:45.729Z" },
    { url = "https://files.pythonhosted.org/packages/b9/98/ec4e03f748fefa0dd72d9d95235aff6fef16601267f4a2340f0e16b9330f/fonttools-4.59.1-cp312-cp312-macosx_10_13_x86_64.whl", hash = "sha256:4f04c3ffbfa0baafcbc550657cf83657034eb63304d27b05cff1653b448ccff6", size = 2337281, upload-time = "2025-08-14T16:26:47.921Z" },
    { url = "https://files.pythonhosted.org/packages/8b/b1/890360a7e3d04a30ba50b267aca2783f4c1364363797e892e78a4f036076/fonttools-4.59.1-cp312-cp312-manylinux1_x86_64.manylinux2014_x86_64.manylinux_2_17_x86_64.manylinux_2_5_x86_64.whl", hash = "sha256:d601b153e51a5a6221f0d4ec077b6bfc6ac35bfe6c19aeaa233d8990b2b71726", size = 4909215, upload-time = "2025-08-14T16:26:49.682Z" },
    { url = "https://files.pythonhosted.org/packages/8a/ec/2490599550d6c9c97a44c1e36ef4de52d6acf742359eaa385735e30c05c4/fonttools-4.59.1-cp312-cp312-manylinux2014_aarch64.manylinux_2_17_aarch64.manylinux_2_28_aarch64.whl", hash = "sha256:c735e385e30278c54f43a0d056736942023c9043f84ee1021eff9fd616d17693", size = 4951958, upload-time = "2025-08-14T16:26:51.616Z" },
    { url = "https://files.pythonhosted.org/packages/d1/40/bd053f6f7634234a9b9805ff8ae4f32df4f2168bee23cafd1271ba9915a9/fonttools-4.59.1-cp312-cp312-musllinux_1_2_aarch64.whl", hash = "sha256:1017413cdc8555dce7ee23720da490282ab7ec1cf022af90a241f33f9a49afc4", size = 4894738, upload-time = "2025-08-14T16:26:53.836Z" },
    { url = "https://files.pythonhosted.org/packages/ac/a1/3cd12a010d288325a7cfcf298a84825f0f9c29b01dee1baba64edfe89257/fonttools-4.59.1-cp312-cp312-musllinux_1_2_x86_64.whl", hash = "sha256:5c6d8d773470a5107052874341ed3c487c16ecd179976d81afed89dea5cd7406", size = 5045983, upload-time = "2025-08-14T16:26:56.153Z" },
    { url = "https://files.pythonhosted.org/packages/a2/af/8a2c3f6619cc43cf87951405337cc8460d08a4e717bb05eaa94b335d11dc/fonttools-4.59.1-cp312-cp312-win32.whl", hash = "sha256:2a2d0d33307f6ad3a2086a95dd607c202ea8852fa9fb52af9b48811154d1428a", size = 2203407, upload-time = "2025-08-14T16:26:58.165Z" },
    { url = "https://files.pythonhosted.org/packages/8e/f2/a19b874ddbd3ebcf11d7e25188ef9ac3f68b9219c62263acb34aca8cde05/fonttools-4.59.1-cp312-cp312-win_amd64.whl", hash = "sha256:0b9e4fa7eaf046ed6ac470f6033d52c052481ff7a6e0a92373d14f556f298dc0", size = 2251561, upload-time = "2025-08-14T16:27:00.646Z" },
    { url = "https://files.pythonhosted.org/packages/19/5e/94a4d7f36c36e82f6a81e0064d148542e0ad3e6cf51fc5461ca128f3658d/fonttools-4.59.1-cp313-cp313-macosx_10_13_universal2.whl", hash = "sha256:89d9957b54246c6251345297dddf77a84d2c19df96af30d2de24093bbdf0528b", size = 2760192, upload-time = "2025-08-14T16:27:03.024Z" },
    { url = "https://files.pythonhosted.org/packages/ee/a5/f50712fc33ef9d06953c660cefaf8c8fe4b8bc74fa21f44ee5e4f9739439/fonttools-4.59.1-cp313-cp313-macosx_10_13_x86_64.whl", hash = "sha256:8156b11c0d5405810d216f53907bd0f8b982aa5f1e7e3127ab3be1a4062154ff", size = 2332694, upload-time = "2025-08-14T16:27:04.883Z" },
    { url = "https://files.pythonhosted.org/packages/e9/a2/5a9fc21c354bf8613215ce233ab0d933bd17d5ff4c29693636551adbc7b3/fonttools-4.59.1-cp313-cp313-manylinux1_x86_64.manylinux2014_x86_64.manylinux_2_17_x86_64.manylinux_2_5_x86_64.whl", hash = "sha256:8387876a8011caec52d327d5e5bca705d9399ec4b17afb8b431ec50d47c17d23", size = 4889254, upload-time = "2025-08-14T16:27:07.02Z" },
    { url = "https://files.pythonhosted.org/packages/2d/e5/54a6dc811eba018d022ca2e8bd6f2969291f9586ccf9a22a05fc55f91250/fonttools-4.59.1-cp313-cp313-manylinux2014_aarch64.manylinux_2_17_aarch64.manylinux_2_28_aarch64.whl", hash = "sha256:fb13823a74b3a9204a8ed76d3d6d5ec12e64cc5bc44914eb9ff1cdac04facd43", size = 4949109, upload-time = "2025-08-14T16:27:09.3Z" },
    { url = "https://files.pythonhosted.org/packages/db/15/b05c72a248a95bea0fd05fbd95acdf0742945942143fcf961343b7a3663a/fonttools-4.59.1-cp313-cp313-musllinux_1_2_aarch64.whl", hash = "sha256:e1ca10da138c300f768bb68e40e5b20b6ecfbd95f91aac4cc15010b6b9d65455", size = 4888428, upload-time = "2025-08-14T16:27:11.514Z" },
    { url = "https://files.pythonhosted.org/packages/63/71/c7d6840f858d695adc0c4371ec45e3fb1c8e060b276ba944e2800495aca4/fonttools-4.59.1-cp313-cp313-musllinux_1_2_x86_64.whl", hash = "sha256:2beb5bfc4887a3130f8625349605a3a45fe345655ce6031d1bac11017454b943", size = 5032668, upload-time = "2025-08-14T16:27:13.872Z" },
    { url = "https://files.pythonhosted.org/packages/90/54/57be4aca6f1312e2bc4d811200dd822325794e05bdb26eeff0976edca651/fonttools-4.59.1-cp313-cp313-win32.whl", hash = "sha256:419f16d750d78e6d704bfe97b48bba2f73b15c9418f817d0cb8a9ca87a5b94bf", size = 2201832, upload-time = "2025-08-14T16:27:16.126Z" },
    { url = "https://files.pythonhosted.org/packages/fc/1f/1899a6175a5f900ed8730a0d64f53ca1b596ed7609bfda033cf659114258/fonttools-4.59.1-cp313-cp313-win_amd64.whl", hash = "sha256:c536f8a852e8d3fa71dde1ec03892aee50be59f7154b533f0bf3c1174cfd5126", size = 2250673, upload-time = "2025-08-14T16:27:18.033Z" },
    { url = "https://files.pythonhosted.org/packages/15/07/f6ba82c22f118d9985c37fea65d8d715ca71300d78b6c6e90874dc59f11d/fonttools-4.59.1-cp314-cp314-macosx_10_13_universal2.whl", hash = "sha256:d5c3bfdc9663f3d4b565f9cb3b8c1efb3e178186435b45105bde7328cfddd7fe", size = 2758606, upload-time = "2025-08-14T16:27:20.064Z" },
    { url = "https://files.pythonhosted.org/packages/3a/81/84aa3d0ce27b0112c28b67b637ff7a47cf401cf5fbfee6476e4bc9777580/fonttools-4.59.1-cp314-cp314-macosx_10_13_x86_64.whl", hash = "sha256:ea03f1da0d722fe3c2278a05957e6550175571a4894fbf9d178ceef4a3783d2b", size = 2330187, upload-time = "2025-08-14T16:27:22.42Z" },
    { url = "https://files.pythonhosted.org/packages/17/41/b3ba43f78afb321e2e50232c87304c8d0f5ab39b64389b8286cc39cdb824/fonttools-4.59.1-cp314-cp314-manylinux1_x86_64.manylinux2014_x86_64.manylinux_2_17_x86_64.manylinux_2_5_x86_64.whl", hash = "sha256:57a3708ca6bfccb790f585fa6d8f29432ec329618a09ff94c16bcb3c55994643", size = 4832020, upload-time = "2025-08-14T16:27:24.214Z" },
    { url = "https://files.pythonhosted.org/packages/67/b1/3af871c7fb325a68938e7ce544ca48bfd2c6bb7b357f3c8252933b29100a/fonttools-4.59.1-cp314-cp314-manylinux2014_aarch64.manylinux_2_17_aarch64.manylinux_2_28_aarch64.whl", hash = "sha256:729367c91eb1ee84e61a733acc485065a00590618ca31c438e7dd4d600c01486", size = 4930687, upload-time = "2025-08-14T16:27:26.484Z" },
    { url = "https://files.pythonhosted.org/packages/c5/4f/299fc44646b30d9ef03ffaa78b109c7bd32121f0d8f10009ee73ac4514bc/fonttools-4.59.1-cp314-cp314-musllinux_1_2_aarch64.whl", hash = "sha256:8f8ef66ac6db450193ed150e10b3b45dde7aded10c5d279968bc63368027f62b", size = 4875794, upload-time = "2025-08-14T16:27:28.887Z" },
    { url = "https://files.pythonhosted.org/packages/90/cf/a0a3d763ab58f5f81ceff104ddb662fd9da94248694862b9c6cbd509fdd5/fonttools-4.59.1-cp314-cp314-musllinux_1_2_x86_64.whl", hash = "sha256:075f745d539a998cd92cb84c339a82e53e49114ec62aaea8307c80d3ad3aef3a", size = 4985780, upload-time = "2025-08-14T16:27:30.858Z" },
    { url = "https://files.pythonhosted.org/packages/72/c5/ba76511aaae143d89c29cd32ce30bafb61c477e8759a1590b8483f8065f8/fonttools-4.59.1-cp314-cp314-win32.whl", hash = "sha256:c2b0597522d4c5bb18aa5cf258746a2d4a90f25878cbe865e4d35526abd1b9fc", size = 2205610, upload-time = "2025-08-14T16:27:32.578Z" },
    { url = "https://files.pythonhosted.org/packages/a9/65/b250e69d6caf35bc65cddbf608be0662d741c248f2e7503ab01081fc267e/fonttools-4.59.1-cp314-cp314-win_amd64.whl", hash = "sha256:e9ad4ce044e3236f0814c906ccce8647046cc557539661e35211faadf76f283b", size = 2255376, upload-time = "2025-08-14T16:27:34.653Z" },
    { url = "https://files.pythonhosted.org/packages/11/f3/0bc63a23ac0f8175e23d82f85d6ee693fbd849de7ad739f0a3622182ad29/fonttools-4.59.1-cp314-cp314t-macosx_10_13_universal2.whl", hash = "sha256:652159e8214eb4856e8387ebcd6b6bd336ee258cbeb639c8be52005b122b9609", size = 2826546, upload-time = "2025-08-14T16:27:36.783Z" },
    { url = "https://files.pythonhosted.org/packages/e9/46/a3968205590e068fdf60e926be329a207782576cb584d3b7dcd2d2844957/fonttools-4.59.1-cp314-cp314t-macosx_10_13_x86_64.whl", hash = "sha256:43d177cd0e847ea026fedd9f099dc917da136ed8792d142298a252836390c478", size = 2359771, upload-time = "2025-08-14T16:27:39.678Z" },
    { url = "https://files.pythonhosted.org/packages/b8/ff/d14b4c283879e8cb57862d9624a34fe6522b6fcdd46ccbfc58900958794a/fonttools-4.59.1-cp314-cp314t-manylinux1_x86_64.manylinux2014_x86_64.manylinux_2_17_x86_64.manylinux_2_5_x86_64.whl", hash = "sha256:e54437651e1440ee53a95e6ceb6ee440b67a3d348c76f45f4f48de1a5ecab019", size = 4831575, upload-time = "2025-08-14T16:27:41.885Z" },
    { url = "https://files.pythonhosted.org/packages/9c/04/a277d9a584a49d98ca12d3b2c6663bdf333ae97aaa83bd0cdabf7c5a6c84/fonttools-4.59.1-cp314-cp314t-manylinux2014_aarch64.manylinux_2_17_aarch64.manylinux_2_28_aarch64.whl", hash = "sha256:6065fdec8ff44c32a483fd44abe5bcdb40dd5e2571a5034b555348f2b3a52cea", size = 5069962, upload-time = "2025-08-14T16:27:44.284Z" },
    { url = "https://files.pythonhosted.org/packages/16/6f/3d2ae69d96c4cdee6dfe7598ca5519a1514487700ca3d7c49c5a1ad65308/fonttools-4.59.1-cp314-cp314t-musllinux_1_2_aarch64.whl", hash = "sha256:42052b56d176f8b315fbc09259439c013c0cb2109df72447148aeda677599612", size = 4942926, upload-time = "2025-08-14T16:27:46.523Z" },
    { url = "https://files.pythonhosted.org/packages/0c/d3/c17379e0048d03ce26b38e4ab0e9a98280395b00529e093fe2d663ac0658/fonttools-4.59.1-cp314-cp314t-musllinux_1_2_x86_64.whl", hash = "sha256:bcd52eaa5c4c593ae9f447c1d13e7e4a00ca21d755645efa660b6999425b3c88", size = 4958678, upload-time = "2025-08-14T16:27:48.555Z" },
    { url = "https://files.pythonhosted.org/packages/8c/3f/c5543a1540abdfb4d375e3ebeb84de365ab9b153ec14cb7db05f537dd1e7/fonttools-4.59.1-cp314-cp314t-win32.whl", hash = "sha256:02e4fdf27c550dded10fe038a5981c29f81cb9bc649ff2eaa48e80dab8998f97", size = 2266706, upload-time = "2025-08-14T16:27:50.556Z" },
    { url = "https://files.pythonhosted.org/packages/3e/99/85bff6e674226bc8402f983e365f07e76d990e7220ba72bcc738fef52391/fonttools-4.59.1-cp314-cp314t-win_amd64.whl", hash = "sha256:412a5fd6345872a7c249dac5bcce380393f40c1c316ac07f447bc17d51900922", size = 2329994, upload-time = "2025-08-14T16:27:52.36Z" },
    { url = "https://files.pythonhosted.org/packages/0f/64/9d606e66d498917cd7a2ff24f558010d42d6fd4576d9dd57f0bd98333f5a/fonttools-4.59.1-py3-none-any.whl", hash = "sha256:647db657073672a8330608970a984d51573557f328030566521bc03415535042", size = 1130094, upload-time = "2025-08-14T16:28:12.048Z" },
]

[[package]]
name = "iniconfig"
version = "2.1.0"
source = { registry = "https://pypi.org/simple" }
sdist = { url = "https://files.pythonhosted.org/packages/f2/97/ebf4da567aa6827c909642694d71c9fcf53e5b504f2d96afea02718862f3/iniconfig-2.1.0.tar.gz", hash = "sha256:3abbd2e30b36733fee78f9c7f7308f2d0050e88f0087fd25c2645f63c773e1c7", size = 4793, upload-time = "2025-03-19T20:09:59.721Z" }
wheels = [
    { url = "https://files.pythonhosted.org/packages/2c/e1/e6716421ea10d38022b952c159d5161ca1193197fb744506875fbb87ea7b/iniconfig-2.1.0-py3-none-any.whl", hash = "sha256:9deba5723312380e77435581c6bf4935c94cbfab9b1ed33ef8d238ea168eb760", size = 6050, upload-time = "2025-03-19T20:10:01.071Z" },
]

[[package]]
name = "packaging"
version = "25.0"
source = { registry = "https://pypi.org/simple" }
sdist = { url = "https://files.pythonhosted.org/packages/a1/d4/1fc4078c65507b51b96ca8f8c3ba19e6a61c8253c72794544580a7b6c24d/packaging-25.0.tar.gz", hash = "sha256:d443872c98d677bf60f6a1f2f8c1cb748e8fe762d2bf9d3148b5599295b0fc4f", size = 165727, upload-time = "2025-04-19T11:48:59.673Z" }
wheels = [
    { url = "https://files.pythonhosted.org/packages/20/12/38679034af332785aac8774540895e234f4d07f7545804097de4b666afd8/packaging-25.0-py3-none-any.whl", hash = "sha256:29572ef2b1f17581046b3a2227d5c611fb25ec70ca1ba8554b24b0e69331a484", size = 66469, upload-time = "2025-04-19T11:48:57.875Z" },
]

[[package]]
name = "pluggy"
version = "1.6.0"
source = { registry = "https://pypi.org/simple" }
sdist = { url = "https://files.pythonhosted.org/packages/f9/e2/3e91f31a7d2b083fe6ef3fa267035b518369d9511ffab804f839851d2779/pluggy-1.6.0.tar.gz", hash = "sha256:7dcc130b76258d33b90f61b658791dede3486c3e6bfb003ee5c9bfb396dd22f3", size = 69412, upload-time = "2025-05-15T12:30:07.975Z" }
wheels = [
    { url = "https://files.pythonhosted.org/packages/54/20/4d324d65cc6d9205fabedc306948156824eb9f0ee1633355a8f7ec5c66bf/pluggy-1.6.0-py3-none-any.whl", hash = "sha256:e920276dd6813095e9377c0bc5566d94c932c33b27a3e3945d8389c374dd4746", size = 20538, upload-time = "2025-05-15T12:30:06.134Z" },
]

[[package]]
name = "pygments"
version = "2.19.2"
source = { registry = "https://pypi.org/simple" }
sdist = { url = "https://files.pythonhosted.org/packages/b0/77/a5b8c569bf593b0140bde72ea885a803b82086995367bf2037de0159d924/pygments-2.19.2.tar.gz", hash = "sha256:636cb2477cec7f8952536970bc533bc43743542f70392ae026374600add5b887", size = 4968631, upload-time = "2025-06-21T13:39:12.283Z" }
wheels = [
    { url = "https://files.pythonhosted.org/packages/c7/21/705964c7812476f378728bdf590ca4b771ec72385c533964653c68e86bdc/pygments-2.19.2-py3-none-any.whl", hash = "sha256:86540386c03d588bb81d44bc3928634ff26449851e99741617ecb9037ee5ec0b", size = 1225217, upload-time = "2025-06-21T13:39:07.939Z" },
]

[[package]]
name = "pytest"
version = "8.4.1"
source = { registry = "https://pypi.org/simple" }
dependencies = [
    { name = "colorama", marker = "sys_platform == 'win32'" },
    { name = "exceptiongroup", marker = "python_full_version < '3.11'" },
    { name = "iniconfig" },
    { name = "packaging" },
    { name = "pluggy" },
    { name = "pygments" },
    { name = "tomli", marker = "python_full_version < '3.11'" },
]
sdist = { url = "https://files.pythonhosted.org/packages/08/ba/45911d754e8eba3d5a841a5ce61a65a685ff1798421ac054f85aa8747dfb/pytest-8.4.1.tar.gz", hash = "sha256:7c67fd69174877359ed9371ec3af8a3d2b04741818c51e5e99cc1742251fa93c", size = 1517714, upload-time = "2025-06-18T05:48:06.109Z" }
wheels = [
    { url = "https://files.pythonhosted.org/packages/29/16/c8a903f4c4dffe7a12843191437d7cd8e32751d5de349d45d3fe69544e87/pytest-8.4.1-py3-none-any.whl", hash = "sha256:539c70ba6fcead8e78eebbf1115e8b589e7565830d7d006a8723f19ac8a0afb7", size = 365474, upload-time = "2025-06-18T05:48:03.955Z" },
]

[[package]]
name = "tomli"
version = "2.2.1"
source = { registry = "https://pypi.org/simple" }
sdist = { url = "https://files.pythonhosted.org/packages/18/87/302344fed471e44a87289cf4967697d07e532f2421fdaf868a303cbae4ff/tomli-2.2.1.tar.gz", hash = "sha256:cd45e1dc79c835ce60f7404ec8119f2eb06d38b1deba146f07ced3bbc44505ff", size = 17175, upload-time = "2024-11-27T22:38:36.873Z" }
wheels = [
    { url = "https://files.pythonhosted.org/packages/43/ca/75707e6efa2b37c77dadb324ae7d9571cb424e61ea73fad7c56c2d14527f/tomli-2.2.1-cp311-cp311-macosx_10_9_x86_64.whl", hash = "sha256:678e4fa69e4575eb77d103de3df8a895e1591b48e740211bd1067378c69e8249", size = 131077, upload-time = "2024-11-27T22:37:54.956Z" },
    { url = "https://files.pythonhosted.org/packages/c7/16/51ae563a8615d472fdbffc43a3f3d46588c264ac4f024f63f01283becfbb/tomli-2.2.1-cp311-cp311-macosx_11_0_arm64.whl", hash = "sha256:023aa114dd824ade0100497eb2318602af309e5a55595f76b626d6d9f3b7b0a6", size = 123429, upload-time = "2024-11-27T22:37:56.698Z" },
    { url = "https://files.pythonhosted.org/packages/f1/dd/4f6cd1e7b160041db83c694abc78e100473c15d54620083dbd5aae7b990e/tomli-2.2.1-cp311-cp311-manylinux_2_17_aarch64.manylinux2014_aarch64.whl", hash = "sha256:ece47d672db52ac607a3d9599a9d48dcb2f2f735c6c2d1f34130085bb12b112a", size = 226067, upload-time = "2024-11-27T22:37:57.63Z" },
    { url = "https://files.pythonhosted.org/packages/a9/6b/c54ede5dc70d648cc6361eaf429304b02f2871a345bbdd51e993d6cdf550/tomli-2.2.1-cp311-cp311-manylinux_2_17_x86_64.manylinux2014_x86_64.whl", hash = "sha256:6972ca9c9cc9f0acaa56a8ca1ff51e7af152a9f87fb64623e31d5c83700080ee", size = 236030, upload-time = "2024-11-27T22:37:59.344Z" },
    { url = "https://files.pythonhosted.org/packages/1f/47/999514fa49cfaf7a92c805a86c3c43f4215621855d151b61c602abb38091/tomli-2.2.1-cp311-cp311-manylinux_2_5_i686.manylinux1_i686.manylinux_2_17_i686.manylinux2014_i686.whl", hash = "sha256:c954d2250168d28797dd4e3ac5cf812a406cd5a92674ee4c8f123c889786aa8e", size = 240898, upload-time = "2024-11-27T22:38:00.429Z" },
    { url = "https://files.pythonhosted.org/packages/73/41/0a01279a7ae09ee1573b423318e7934674ce06eb33f50936655071d81a24/tomli-2.2.1-cp311-cp311-musllinux_1_2_aarch64.whl", hash = "sha256:8dd28b3e155b80f4d54beb40a441d366adcfe740969820caf156c019fb5c7ec4", size = 229894, upload-time = "2024-11-27T22:38:02.094Z" },
    { url = "https://files.pythonhosted.org/packages/55/18/5d8bc5b0a0362311ce4d18830a5d28943667599a60d20118074ea1b01bb7/tomli-2.2.1-cp311-cp311-musllinux_1_2_i686.whl", hash = "sha256:e59e304978767a54663af13c07b3d1af22ddee3bb2fb0618ca1593e4f593a106", size = 245319, upload-time = "2024-11-27T22:38:03.206Z" },
    { url = "https://files.pythonhosted.org/packages/92/a3/7ade0576d17f3cdf5ff44d61390d4b3febb8a9fc2b480c75c47ea048c646/tomli-2.2.1-cp311-cp311-musllinux_1_2_x86_64.whl", hash = "sha256:33580bccab0338d00994d7f16f4c4ec25b776af3ffaac1ed74e0b3fc95e885a8", size = 238273, upload-time = "2024-11-27T22:38:04.217Z" },
    { url = "https://files.pythonhosted.org/packages/72/6f/fa64ef058ac1446a1e51110c375339b3ec6be245af9d14c87c4a6412dd32/tomli-2.2.1-cp311-cp311-win32.whl", hash = "sha256:465af0e0875402f1d226519c9904f37254b3045fc5084697cefb9bdde1ff99ff", size = 98310, upload-time = "2024-11-27T22:38:05.908Z" },
    { url = "https://files.pythonhosted.org/packages/6a/1c/4a2dcde4a51b81be3530565e92eda625d94dafb46dbeb15069df4caffc34/tomli-2.2.1-cp311-cp311-win_amd64.whl", hash = "sha256:2d0f2fdd22b02c6d81637a3c95f8cd77f995846af7414c5c4b8d0545afa1bc4b", size = 108309, upload-time = "2024-11-27T22:38:06.812Z" },
    { url = "https://files.pythonhosted.org/packages/52/e1/f8af4c2fcde17500422858155aeb0d7e93477a0d59a98e56cbfe75070fd0/tomli-2.2.1-cp312-cp312-macosx_10_13_x86_64.whl", hash = "sha256:4a8f6e44de52d5e6c657c9fe83b562f5f4256d8ebbfe4ff922c495620a7f6cea", size = 132762, upload-time = "2024-11-27T22:38:07.731Z" },
    { url = "https://files.pythonhosted.org/packages/03/b8/152c68bb84fc00396b83e7bbddd5ec0bd3dd409db4195e2a9b3e398ad2e3/tomli-2.2.1-cp312-cp312-macosx_11_0_arm64.whl", hash = "sha256:8d57ca8095a641b8237d5b079147646153d22552f1c637fd3ba7f4b0b29167a8", size = 123453, upload-time = "2024-11-27T22:38:09.384Z" },
    { url = "https://files.pythonhosted.org/packages/c8/d6/fc9267af9166f79ac528ff7e8c55c8181ded34eb4b0e93daa767b8841573/tomli-2.2.1-cp312-cp312-manylinux_2_17_aarch64.manylinux2014_aarch64.whl", hash = "sha256:4e340144ad7ae1533cb897d406382b4b6fede8890a03738ff1683af800d54192", size = 233486, upload-time = "2024-11-27T22:38:10.329Z" },
    { url = "https://files.pythonhosted.org/packages/5c/51/51c3f2884d7bab89af25f678447ea7d297b53b5a3b5730a7cb2ef6069f07/tomli-2.2.1-cp312-cp312-manylinux_2_17_x86_64.manylinux2014_x86_64.whl", hash = "sha256:db2b95f9de79181805df90bedc5a5ab4c165e6ec3fe99f970d0e302f384ad222", size = 242349, upload-time = "2024-11-27T22:38:11.443Z" },
    { url = "https://files.pythonhosted.org/packages/ab/df/bfa89627d13a5cc22402e441e8a931ef2108403db390ff3345c05253935e/tomli-2.2.1-cp312-cp312-manylinux_2_5_i686.manylinux1_i686.manylinux_2_17_i686.manylinux2014_i686.whl", hash = "sha256:40741994320b232529c802f8bc86da4e1aa9f413db394617b9a256ae0f9a7f77", size = 252159, upload-time = "2024-11-27T22:38:13.099Z" },
    { url = "https://files.pythonhosted.org/packages/9e/6e/fa2b916dced65763a5168c6ccb91066f7639bdc88b48adda990db10c8c0b/tomli-2.2.1-cp312-cp312-musllinux_1_2_aarch64.whl", hash = "sha256:400e720fe168c0f8521520190686ef8ef033fb19fc493da09779e592861b78c6", size = 237243, upload-time = "2024-11-27T22:38:14.766Z" },
    { url = "https://files.pythonhosted.org/packages/b4/04/885d3b1f650e1153cbb93a6a9782c58a972b94ea4483ae4ac5cedd5e4a09/tomli-2.2.1-cp312-cp312-musllinux_1_2_i686.whl", hash = "sha256:02abe224de6ae62c19f090f68da4e27b10af2b93213d36cf44e6e1c5abd19fdd", size = 259645, upload-time = "2024-11-27T22:38:15.843Z" },
    { url = "https://files.pythonhosted.org/packages/9c/de/6b432d66e986e501586da298e28ebeefd3edc2c780f3ad73d22566034239/tomli-2.2.1-cp312-cp312-musllinux_1_2_x86_64.whl", hash = "sha256:b82ebccc8c8a36f2094e969560a1b836758481f3dc360ce9a3277c65f374285e", size = 244584, upload-time = "2024-11-27T22:38:17.645Z" },
    { url = "https://files.pythonhosted.org/packages/1c/9a/47c0449b98e6e7d1be6cbac02f93dd79003234ddc4aaab6ba07a9a7482e2/tomli-2.2.1-cp312-cp312-win32.whl", hash = "sha256:889f80ef92701b9dbb224e49ec87c645ce5df3fa2cc548664eb8a25e03127a98", size = 98875, upload-time = "2024-11-27T22:38:19.159Z" },
    { url = "https://files.pythonhosted.org/packages/ef/60/9b9638f081c6f1261e2688bd487625cd1e660d0a85bd469e91d8db969734/tomli-2.2.1-cp312-cp312-win_amd64.whl", hash = "sha256:7fc04e92e1d624a4a63c76474610238576942d6b8950a2d7f908a340494e67e4", size = 109418, upload-time = "2024-11-27T22:38:20.064Z" },
    { url = "https://files.pythonhosted.org/packages/04/90/2ee5f2e0362cb8a0b6499dc44f4d7d48f8fff06d28ba46e6f1eaa61a1388/tomli-2.2.1-cp313-cp313-macosx_10_13_x86_64.whl", hash = "sha256:f4039b9cbc3048b2416cc57ab3bda989a6fcf9b36cf8937f01a6e731b64f80d7", size = 132708, upload-time = "2024-11-27T22:38:21.659Z" },
    { url = "https://files.pythonhosted.org/packages/c0/ec/46b4108816de6b385141f082ba99e315501ccd0a2ea23db4a100dd3990ea/tomli-2.2.1-cp313-cp313-macosx_11_0_arm64.whl", hash = "sha256:286f0ca2ffeeb5b9bd4fcc8d6c330534323ec51b2f52da063b11c502da16f30c", size = 123582, upload-time = "2024-11-27T22:38:22.693Z" },
    { url = "https://files.pythonhosted.org/packages/a0/bd/b470466d0137b37b68d24556c38a0cc819e8febe392d5b199dcd7f578365/tomli-2.2.1-cp313-cp313-manylinux_2_17_aarch64.manylinux2014_aarch64.whl", hash = "sha256:a92ef1a44547e894e2a17d24e7557a5e85a9e1d0048b0b5e7541f76c5032cb13", size = 232543, upload-time = "2024-11-27T22:38:24.367Z" },
    { url = "https://files.pythonhosted.org/packages/d9/e5/82e80ff3b751373f7cead2815bcbe2d51c895b3c990686741a8e56ec42ab/tomli-2.2.1-cp313-cp313-manylinux_2_17_x86_64.manylinux2014_x86_64.whl", hash = "sha256:9316dc65bed1684c9a98ee68759ceaed29d229e985297003e494aa825ebb0281", size = 241691, upload-time = "2024-11-27T22:38:26.081Z" },
    { url = "https://files.pythonhosted.org/packages/05/7e/2a110bc2713557d6a1bfb06af23dd01e7dde52b6ee7dadc589868f9abfac/tomli-2.2.1-cp313-cp313-manylinux_2_5_i686.manylinux1_i686.manylinux_2_17_i686.manylinux2014_i686.whl", hash = "sha256:e85e99945e688e32d5a35c1ff38ed0b3f41f43fad8df0bdf79f72b2ba7bc5272", size = 251170, upload-time = "2024-11-27T22:38:27.921Z" },
    { url = "https://files.pythonhosted.org/packages/64/7b/22d713946efe00e0adbcdfd6d1aa119ae03fd0b60ebed51ebb3fa9f5a2e5/tomli-2.2.1-cp313-cp313-musllinux_1_2_aarch64.whl", hash = "sha256:ac065718db92ca818f8d6141b5f66369833d4a80a9d74435a268c52bdfa73140", size = 236530, upload-time = "2024-11-27T22:38:29.591Z" },
    { url = "https://files.pythonhosted.org/packages/38/31/3a76f67da4b0cf37b742ca76beaf819dca0ebef26d78fc794a576e08accf/tomli-2.2.1-cp313-cp313-musllinux_1_2_i686.whl", hash = "sha256:d920f33822747519673ee656a4b6ac33e382eca9d331c87770faa3eef562aeb2", size = 258666, upload-time = "2024-11-27T22:38:30.639Z" },
    { url = "https://files.pythonhosted.org/packages/07/10/5af1293da642aded87e8a988753945d0cf7e00a9452d3911dd3bb354c9e2/tomli-2.2.1-cp313-cp313-musllinux_1_2_x86_64.whl", hash = "sha256:a198f10c4d1b1375d7687bc25294306e551bf1abfa4eace6650070a5c1ae2744", size = 243954, upload-time = "2024-11-27T22:38:31.702Z" },
    { url = "https://files.pythonhosted.org/packages/5b/b9/1ed31d167be802da0fc95020d04cd27b7d7065cc6fbefdd2f9186f60d7bd/tomli-2.2.1-cp313-cp313-win32.whl", hash = "sha256:d3f5614314d758649ab2ab3a62d4f2004c825922f9e370b29416484086b264ec", size = 98724, upload-time = "2024-11-27T22:38:32.837Z" },
    { url = "https://files.pythonhosted.org/packages/c7/32/b0963458706accd9afcfeb867c0f9175a741bf7b19cd424230714d722198/tomli-2.2.1-cp313-cp313-win_amd64.whl", hash = "sha256:a38aa0308e754b0e3c67e344754dff64999ff9b513e691d0e786265c93583c69", size = 109383, upload-time = "2024-11-27T22:38:34.455Z" },
    { url = "https://files.pythonhosted.org/packages/6e/c2/61d3e0f47e2b74ef40a68b9e6ad5984f6241a942f7cd3bbfbdbd03861ea9/tomli-2.2.1-py3-none-any.whl", hash = "sha256:cb55c73c5f4408779d0cf3eef9f762b9c9f147a77de7b258bef0a5628adc85cc", size = 14257, upload-time = "2024-11-27T22:38:35.385Z" },
]

[[package]]
name = "tptq-feacomposer"
version = "1.5.3"
source = { editable = "." }
dependencies = [
    { name = "fonttools" },
]

[package.dev-dependencies]
dev = [
    { name = "pytest" },
]

[package.metadata]
requires-dist = [{ name = "fonttools", specifier = ">=4.43.0" }]

[package.metadata.requires-dev]
dev = [{ name = "pytest", specifier = ">=8.3.5" }]

[[package]]
name = "typing-extensions"
version = "4.15.0"
source = { registry = "https://pypi.org/simple" }
sdist = { url = "https://files.pythonhosted.org/packages/72/94/1a15dd82efb362ac84269196e94cf00f187f7ed21c242792a923cdb1c61f/typing_extensions-4.15.0.tar.gz", hash = "sha256:0cea48d173cc12fa28ecabc3b837ea3cf6f38c6d1136f85cbaaf598984861466", size = 109391, upload-time = "2025-08-25T13:49:26.313Z" }
wheels = [
    { url = "https://files.pythonhosted.org/packages/18/67/36e9267722cc04a6b9f15c7f3441c2363321a3ea07da7ae0c0707beb2a9c/typing_extensions-4.15.0-py3-none-any.whl", hash = "sha256:f0fa19c6845758ab08074a0cfa8b7aecb71c999ca73d62883bc25cc018c4e548", size = 44614, upload-time = "2025-08-25T13:49:24.86Z" },
]
